Microsoft Visual Studio Solution File, Format Version 12.00
# Visual Studio Version 16
VisualStudioVersion = 16.0.0.0
MinimumVisualStudioVersion = 16.0.0.0
Project("{9A19103F-16F7-4668-BE54-9A1E7A4F7556}") = "CugemderApp", "CugemderApp\CugemderApp.csproj", "{B6B6C0F5-8B48-4569-A770-DB2ACC1E5494}"
EndProject
Project("{FAE04EC0-301F-11D3-BF4B-00C04F79EFBC}") = "CugemderApp.Android", "CugemderApp.Android\CugemderApp.Android.csproj", "{CE6D7CEE-50B0-4D1A-B305-A13060804247}"
EndProject
Project("{FAE04EC0-301F-11D3-BF4B-00C04F79EFBC}") = "CugemderApp.iOS", "CugemderApp.iOS\CugemderApp.iOS.csproj", "{4935413F-E5B6-4B41-993A-9DDBAFACD5AB}"
EndProject
Project("{9A19103F-16F7-4668-BE54-9A1E7A4F7556}") = "CugemderApp.Server", "CugemderApp.Server\CugemderApp.Server.csproj", "{5E723A8C-F0D3-47DB-AE9A-83B1C08EFC8A}"
EndProject
Project("{9A19103F-16F7-4668-BE54-9A1E7A4F7556}") = "CugemderApp.Shared", "CugemderApp.Shared\CugemderApp.Shared.csproj", "{2F820F8E-357B-4AD3-8781-EC734B1C46FC}"
EndProject
Global
	GlobalSection(SolutionConfigurationPlatforms) = preSolution
		Debug|Any CPU = Debug|Any CPU
		Debug|iPhone = Debug|iPhone
		Debug|iPhoneSimulator = Debug|iPhoneSimulator
		Debug|x64 = Debug|x64
		Debug|x86 = Debug|x86
		Release|Any CPU = Release|Any CPU
		Release|iPhone = Release|iPhone
		Release|iPhoneSimulator = Release|iPhoneSimulator
		Release|x64 = Release|x64
		Release|x86 = Release|x86
	EndGlobalSection
	GlobalSection(ProjectConfigurationPlatforms) = postSolution
		{B6B6C0F5-8B48-4569-A770-DB2ACC1E5494}.Debug|Any CPU.ActiveCfg = Debug|Any CPU
		{B6B6C0F5-8B48-4569-A770-DB2ACC1E5494}.Debug|Any CPU.Build.0 = Debug|Any CPU
		{B6B6C0F5-8B48-4569-A770-DB2ACC1E5494}.Debug|iPhone.ActiveCfg = Debug|Any CPU
		{B6B6C0F5-8B48-4569-A770-DB2ACC1E5494}.Debug|iPhone.Build.0 = Debug|Any CPU
		{B6B6C0F5-8B48-4569-A770-DB2ACC1E5494}.Debug|iPhoneSimulator.ActiveCfg = Debug|Any CPU
		{B6B6C0F5-8B48-4569-A770-DB2ACC1E5494}.Debug|iPhoneSimulator.Build.0 = Debug|Any CPU
		{B6B6C0F5-8B48-4569-A770-DB2ACC1E5494}.Debug|x64.ActiveCfg = Debug|Any CPU
		{B6B6C0F5-8B48-4569-A770-DB2ACC1E5494}.Debug|x64.Build.0 = Debug|Any CPU
		{B6B6C0F5-8B48-4569-A770-DB2ACC1E5494}.Debug|x86.ActiveCfg = Debug|Any CPU
		{B6B6C0F5-8B48-4569-A770-DB2ACC1E5494}.Debug|x86.Build.0 = Debug|Any CPU
		{B6B6C0F5-8B48-4569-A770-DB2ACC1E5494}.Release|Any CPU.ActiveCfg = Release|Any CPU
		{B6B6C0F5-8B48-4569-A770-DB2ACC1E5494}.Release|Any CPU.Build.0 = Release|Any CPU
		{B6B6C0F5-8B48-4569-A770-DB2ACC1E5494}.Release|iPhone.ActiveCfg = Release|Any CPU
		{B6B6C0F5-8B48-4569-A770-DB2ACC1E5494}.Release|iPhone.Build.0 = Release|Any CPU
		{B6B6C0F5-8B48-4569-A770-DB2ACC1E5494}.Release|iPhoneSimulator.ActiveCfg = Release|Any CPU
		{B6B6C0F5-8B48-4569-A770-DB2ACC1E5494}.Release|iPhoneSimulator.Build.0 = Release|Any CPU
		{B6B6C0F5-8B48-4569-A770-DB2ACC1E5494}.Release|x64.ActiveCfg = Release|Any CPU
		{B6B6C0F5-8B48-4569-A770-DB2ACC1E5494}.Release|x64.Build.0 = Release|Any CPU
		{B6B6C0F5-8B48-4569-A770-DB2ACC1E5494}.Release|x86.ActiveCfg = Release|Any CPU
		{B6B6C0F5-8B48-4569-A770-DB2ACC1E5494}.Release|x86.Build.0 = Release|Any CPU
		{CE6D7CEE-50B0-4D1A-B305-A13060804247}.Debug|Any CPU.ActiveCfg = Debug|Any CPU
		{CE6D7CEE-50B0-4D1A-B305-A13060804247}.Debug|Any CPU.Build.0 = Debug|Any CPU
		{CE6D7CEE-50B0-4D1A-B305-A13060804247}.Debug|Any CPU.Deploy.0 = Debug|Any CPU
		{CE6D7CEE-50B0-4D1A-B305-A13060804247}.Debug|iPhone.ActiveCfg = Debug|Any CPU
		{CE6D7CEE-50B0-4D1A-B305-A13060804247}.Debug|iPhone.Build.0 = Debug|Any CPU
		{CE6D7CEE-50B0-4D1A-B305-A13060804247}.Debug|iPhone.Deploy.0 = Debug|Any CPU
		{CE6D7CEE-50B0-4D1A-B305-A13060804247}.Debug|iPhoneSimulator.ActiveCfg = Debug|Any CPU
		{CE6D7CEE-50B0-4D1A-B305-A13060804247}.Debug|iPhoneSimulator.Build.0 = Debug|Any CPU
		{CE6D7CEE-50B0-4D1A-B305-A13060804247}.Debug|iPhoneSimulator.Deploy.0 = Debug|Any CPU
		{CE6D7CEE-50B0-4D1A-B305-A13060804247}.Debug|x64.ActiveCfg = Debug|Any CPU
		{CE6D7CEE-50B0-4D1A-B305-A13060804247}.Debug|x64.Build.0 = Debug|Any CPU
		{CE6D7CEE-50B0-4D1A-B305-A13060804247}.Debug|x64.Deploy.0 = Debug|Any CPU
		{CE6D7CEE-50B0-4D1A-B305-A13060804247}.Debug|x86.ActiveCfg = Debug|Any CPU
		{CE6D7CEE-50B0-4D1A-B305-A13060804247}.Debug|x86.Build.0 = Debug|Any CPU
		{CE6D7CEE-50B0-4D1A-B305-A13060804247}.Debug|x86.Deploy.0 = Debug|Any CPU
		{CE6D7CEE-50B0-4D1A-B305-A13060804247}.Release|Any CPU.ActiveCfg = Release|Any CPU
		{CE6D7CEE-50B0-4D1A-B305-A13060804247}.Release|Any CPU.Build.0 = Release|Any CPU
		{CE6D7CEE-50B0-4D1A-B305-A13060804247}.Release|Any CPU.Deploy.0 = Release|Any CPU
		{CE6D7CEE-50B0-4D1A-B305-A13060804247}.Release|iPhone.ActiveCfg = Release|Any CPU
		{CE6D7CEE-50B0-4D1A-B305-A13060804247}.Release|iPhone.Build.0 = Release|Any CPU
		{CE6D7CEE-50B0-4D1A-B305-A13060804247}.Release|iPhone.Deploy.0 = Release|Any CPU
		{CE6D7CEE-50B0-4D1A-B305-A13060804247}.Release|iPhoneSimulator.ActiveCfg = Release|Any CPU
		{CE6D7CEE-50B0-4D1A-B305-A13060804247}.Release|iPhoneSimulator.Build.0 = Release|Any CPU
		{CE6D7CEE-50B0-4D1A-B305-A13060804247}.Release|iPhoneSimulator.Deploy.0 = Release|Any CPU
		{CE6D7CEE-50B0-4D1A-B305-A13060804247}.Release|x64.ActiveCfg = Release|Any CPU
		{CE6D7CEE-50B0-4D1A-B305-A13060804247}.Release|x64.Build.0 = Release|Any CPU
		{CE6D7CEE-50B0-4D1A-B305-A13060804247}.Release|x64.Deploy.0 = Release|Any CPU
		{CE6D7CEE-50B0-4D1A-B305-A13060804247}.Release|x86.ActiveCfg = Release|Any CPU
		{CE6D7CEE-50B0-4D1A-B305-A13060804247}.Release|x86.Build.0 = Release|Any CPU
		{CE6D7CEE-50B0-4D1A-B305-A13060804247}.Release|x86.Deploy.0 = Release|Any CPU
		{4935413F-E5B6-4B41-993A-9DDBAFACD5AB}.Debug|Any CPU.ActiveCfg = Debug|iPhone
		{4935413F-E5B6-4B41-993A-9DDBAFACD5AB}.Debug|iPhone.ActiveCfg = Debug|iPhone
		{4935413F-E5B6-4B41-993A-9DDBAFACD5AB}.Debug|iPhone.Build.0 = Debug|iPhone
		{4935413F-E5B6-4B41-993A-9DDBAFACD5AB}.Debug|iPhoneSimulator.ActiveCfg = Debug|iPhoneSimulator
		{4935413F-E5B6-4B41-993A-9DDBAFACD5AB}.Debug|iPhoneSimulator.Build.0 = Debug|iPhoneSimulator
		{4935413F-E5B6-4B41-993A-9DDBAFACD5AB}.Debug|x64.ActiveCfg = Debug|iPhone
		{4935413F-E5B6-4B41-993A-9DDBAFACD5AB}.Debug|x86.ActiveCfg = Debug|iPhone
		{4935413F-E5B6-4B41-993A-9DDBAFACD5AB}.Release|Any CPU.ActiveCfg = Release|iPhone
		{4935413F-E5B6-4B41-993A-9DDBAFACD5AB}.Release|iPhone.ActiveCfg = Release|iPhone
		{4935413F-E5B6-4B41-993A-9DDBAFACD5AB}.Release|iPhone.Build.0 = Release|iPhone
		{4935413F-E5B6-4B41-993A-9DDBAFACD5AB}.Release|iPhoneSimulator.ActiveCfg = Release|iPhoneSimulator
		{4935413F-E5B6-4B41-993A-9DDBAFACD5AB}.Release|iPhoneSimulator.Build.0 = Release|iPhoneSimulator
		{4935413F-E5B6-4B41-993A-9DDBAFACD5AB}.Release|x64.ActiveCfg = Release|iPhone
		{4935413F-E5B6-4B41-993A-9DDBAFACD5AB}.Release|x86.ActiveCfg = Release|iPhone
		{5E723A8C-F0D3-47DB-AE9A-83B1C08EFC8A}.Debug|Any CPU.ActiveCfg = Debug|Any CPU
		{5E723A8C-F0D3-47DB-AE9A-83B1C08EFC8A}.Debug|Any CPU.Build.0 = Debug|Any CPU
		{5E723A8C-F0D3-47DB-AE9A-83B1C08EFC8A}.Debug|iPhone.ActiveCfg = Debug|Any CPU
		{5E723A8C-F0D3-47DB-AE9A-83B1C08EFC8A}.Debug|iPhone.Build.0 = Debug|Any CPU
		{5E723A8C-F0D3-47DB-AE9A-83B1C08EFC8A}.Debug|iPhoneSimulator.ActiveCfg = Debug|Any CPU
		{5E723A8C-F0D3-47DB-AE9A-83B1C08EFC8A}.Debug|iPhoneSimulator.Build.0 = Debug|Any CPU
		{5E723A8C-F0D3-47DB-AE9A-83B1C08EFC8A}.Debug|x64.ActiveCfg = Debug|Any CPU
		{5E723A8C-F0D3-47DB-AE9A-83B1C08EFC8A}.Debug|x64.Build.0 = Debug|Any CPU
		{5E723A8C-F0D3-47DB-AE9A-83B1C08EFC8A}.Debug|x86.ActiveCfg = Debug|Any CPU
		{5E723A8C-F0D3-47DB-AE9A-83B1C08EFC8A}.Debug|x86.Build.0 = Debug|Any CPU
		{5E723A8C-F0D3-47DB-AE9A-83B1C08EFC8A}.Release|Any CPU.ActiveCfg = Release|Any CPU
		{5E723A8C-F0D3-47DB-AE9A-83B1C08EFC8A}.Release|Any CPU.Build.0 = Release|Any CPU
		{5E723A8C-F0D3-47DB-AE9A-83B1C08EFC8A}.Release|iPhone.ActiveCfg = Release|Any CPU
		{5E723A8C-F0D3-47DB-AE9A-83B1C08EFC8A}.Release|iPhone.Build.0 = Release|Any CPU
		{5E723A8C-F0D3-47DB-AE9A-83B1C08EFC8A}.Release|iPhoneSimulator.ActiveCfg = Release|Any CPU
		{5E723A8C-F0D3-47DB-AE9A-83B1C08EFC8A}.Release|iPhoneSimulator.Build.0 = Release|Any CPU
		{5E723A8C-F0D3-47DB-AE9A-83B1C08EFC8A}.Release|x64.ActiveCfg = Release|Any CPU
		{5E723A8C-F0D3-47DB-AE9A-83B1C08EFC8A}.Release|x64.Build.0 = Release|Any CPU
		{5E723A8C-F0D3-47DB-AE9A-83B1C08EFC8A}.Release|x86.ActiveCfg = Release|Any CPU
		{5E723A8C-F0D3-47DB-AE9A-83B1C08EFC8A}.Release|x86.Build.0 = Release|Any CPU
		{2F820F8E-357B-4AD3-8781-EC734B1C46FC}.Debug|Any CPU.ActiveCfg = Debug|Any CPU
		{2F820F8E-357B-4AD3-8781-EC734B1C46FC}.Debug|Any CPU.Build.0 = Debug|Any CPU
		{2F820F8E-357B-4AD3-8781-EC734B1C46FC}.Debug|iPhone.ActiveCfg = Debug|Any CPU
		{2F820F8E-357B-4AD3-8781-EC734B1C46FC}.Debug|iPhone.Build.0 = Debug|Any CPU
		{2F820F8E-357B-4AD3-8781-EC734B1C46FC}.Debug|iPhoneSimulator.ActiveCfg = Debug|Any CPU
		{2F820F8E-357B-4AD3-8781-EC734B1C46FC}.Debug|iPhoneSimulator.Build.0 = Debug|Any CPU
		{2F820F8E-357B-4AD3-8781-EC734B1C46FC}.Debug|x64.ActiveCfg = Debug|Any CPU
		{2F820F8E-357B-4AD3-8781-EC734B1C46FC}.Debug|x64.Build.0 = Debug|Any CPU
		{2F820F8E-357B-4AD3-8781-EC734B1C46FC}.Debug|x86.ActiveCfg = Debug|Any CPU
		{2F820F8E-357B-4AD3-8781-EC734B1C46FC}.Debug|x86.Build.0 = Debug|Any CPU
		{2F820F8E-357B-4AD3-8781-EC734B1C46FC}.Release|Any CPU.ActiveCfg = Release|Any CPU
		{2F820F8E-357B-4AD3-8781-EC734B1C46FC}.Release|Any CPU.Build.0 = Release|Any CPU
		{2F820F8E-357B-4AD3-8781-EC734B1C46FC}.Release|iPhone.ActiveCfg = Release|Any CPU
		{2F820F8E-357B-4AD3-8781-EC734B1C46FC}.Release|iPhone.Build.0 = Release|Any CPU
		{2F820F8E-357B-4AD3-8781-EC734B1C46FC}.Release|iPhoneSimulator.ActiveCfg = Release|Any CPU
		{2F820F8E-357B-4AD3-8781-EC734B1C46FC}.Release|iPhoneSimulator.Build.0 = Release|Any CPU
		{2F820F8E-357B-4AD3-8781-EC734B1C46FC}.Release|x64.ActiveCfg = Release|Any CPU
		{2F820F8E-357B-4AD3-8781-EC734B1C46FC}.Release|x64.Build.0 = Release|Any CPU
		{2F820F8E-357B-4AD3-8781-EC734B1C46FC}.Release|x86.ActiveCfg = Release|Any CPU
		{2F820F8E-357B-4AD3-8781-EC734B1C46FC}.Release|x86.Build.0 = Release|Any CPU
	EndGlobalSection
	GlobalSection(SolutionProperties) = preSolution
		HideSolutionNode = FALSE
	EndGlobalSection
	GlobalSection(ExtensibilityGlobals) = postSolution
		SolutionGuid = {3E1EC56D-56C9-42A9-98B4-21ECC593A63E}
	EndGlobalSection
EndGlobal
